
Microsoft Visual Studio Solution File, Format Version 12.00
# Visual Studio Version 17
VisualStudioVersion = 17.0.31919.166
MinimumVisualStudioVersion = 10.0.40219.1
Project("{FAE04EC0-301F-11D3-BF4B-00C04F79EFBC}") = "SudokuSolver", "SudokuSolver.csproj", "{99E9A460-BFD0-4A8C-8EC6-4848920A4FA1}"
EndProject
Global
	GlobalSection(SolutionConfigurationPlatforms) = preSolution
		Debug|Any CPU = Debug|Any CPU
		Release|Any CPU = Release|Any CPU
	EndGlobalSection
	GlobalSection(ProjectConfigurationPlatforms) = postSolution
		{99E9A460-BFD0-4A8C-8EC6-4848920A4FA1}.Debug|Any CPU.ActiveCfg = Debug|Any CPU
		{99E9A460-BFD0-4A8C-8EC6-4848920A4FA1}.Debug|Any CPU.Build.0 = Debug|Any CPU
		{99E9A460-BFD0-4A8C-8EC6-4848920A4FA1}.Release|Any CPU.ActiveCfg = Release|Any CPU
		{99E9A460-BFD0-4A8C-8EC6-4848920A4FA1}.Release|Any CPU.Build.0 = Release|Any CPU
	EndGlobalSection
	GlobalSection(SolutionProperties) = preSolution
		HideSolutionNode = FALSE
	EndGlobalSection
	GlobalSection(ExtensibilityGlobals) = postSolution
		SolutionGuid = {2A499755-7768-4416-AAF7-36D24E8F39F0}
	EndGlobalSection
EndGlobal
